PODS:
  - Hero (1.4.0)
  - SnapKit (4.0.1)

DEPENDENCIES:
  - Hero
  - SnapKit (~> 4.0.0)

SPEC REPOS:
  https://github.com/cocoapods/specs.git:
    - Hero
    - SnapKit

SPEC CHECKSUMS:
  Hero: bac92350d7201a1a940003e0767c7b52ce7c99a1
  SnapKit: 0de968a9fec17499afa29683b05d0c775b6d1c29

PODFILE CHECKSUM: d3be07317a0a4ff5ffd1ad60fd5c3df2c9565b72

COCOAPODS: 1.5.3
