PODS:
  - GPUImage (0.1.7)
  - Hero (1.4.0)
  - MBProgressHUD (1.1.0)
  - MJRefresh (3.2.0)
  - SnapKit (5.0.0)

DEPENDENCIES:
  - GPUImage
  - Hero
  - MBProgressHUD
  - MJRefresh
  - SnapKit

SPEC REPOS:
  https://github.com/cocoapods/specs.git:
    - GPUImage
    - Hero
    - MBProgressHUD
    - MJRefresh
    - SnapKit

SPEC CHECKSUMS:
  GPUImage: 733a5f0fab92df9de1c37ba9df520a833ccb406d
  Hero: bac92350d7201a1a940003e0767c7b52ce7c99a1
  MBProgressHUD: e7baa36a220447d8aeb12769bf0585582f3866d9
  MJRefresh: ed450d6eb9d3346a2cb033ab7eb6de090aeef437
  SnapKit: fd22d10eb9aff484d79a8724eab922c1ddf89bcf

PODFILE CHECKSUM: 362cd3a20ea5ccab141a014ba2346467b969fb0f

COCOAPODS: 1.7.2
