PODS:
  - DPScrollNumberLabel (0.0.2)
  - GPUImage (0.1.7)
  - Hero (1.4.0)
  - JTNumberScrollAnimatedView (1.0.0)
  - MJRefresh (3.2.0)
  - NumberScrollAnimatedView (0.2.1)
  - SnapKit (5.0.0)

DEPENDENCIES:
  - "DPScrollNumberLabel (from `git@github.com:xiao-xi/DPScrollNumberLabel.git`, commit `af5d927`)"
  - GPUImage
  - Hero
  - JTNumberScrollAnimatedView (~> 1.0)
  - MJRefresh
  - NumberScrollAnimatedView
  - SnapKit

SPEC REPOS:
  https://github.com/CocoaPods/Specs.git:
    - GPUImage
    - Hero
    - JTNumberScrollAnimatedView
    - MJRefresh
    - NumberScrollAnimatedView
    - SnapKit

EXTERNAL SOURCES:
  DPScrollNumberLabel:
    :commit: af5d927
    :git: "git@github.com:xiao-xi/DPScrollNumberLabel.git"

CHECKOUT OPTIONS:
  DPScrollNumberLabel:
    :commit: af5d927
    :git: "git@github.com:xiao-xi/DPScrollNumberLabel.git"

SPEC CHECKSUMS:
  DPScrollNumberLabel: 5124eaccf3029bb84116de391e1273cba676f4f5
  GPUImage: 733a5f0fab92df9de1c37ba9df520a833ccb406d
  Hero: bac92350d7201a1a940003e0767c7b52ce7c99a1
  JTNumberScrollAnimatedView: 2777d71cab7ca8126e9cfa99f9fdd22c37644d48
  MJRefresh: ed450d6eb9d3346a2cb033ab7eb6de090aeef437
  NumberScrollAnimatedView: 4a4e4af469c791a8d8bbbbef7853dcbdb2a7e3f9
  SnapKit: fd22d10eb9aff484d79a8724eab922c1ddf89bcf

PODFILE CHECKSUM: bf49d56a935c21b37800f6ba235c1129da92cf57

COCOAPODS: 1.8.4
