// !$*UTF8*$!
{
	archiveVersion = 1;
	classes = {
	};
	objectVersion = 51;
	objects = {

/* Begin PBXBuildFile section */
		2F0A1CE0E913885CA3A3BBCC /* Pods_MKVideoManager.framework in Frameworks */ = {isa = PBXBuildFile; fileRef = 5AD58404F34ABF658D8C5971 /* Pods_MKVideoManager.framework */; };
		6F001C55219BFA8B0099602A /* MKFilterMaskView.swift in Sources */ = {isa = PBXBuildFile; fileRef = 6F001C54219BFA8B0099602A /* MKFilterMaskView.swift */; };
		6F001C57219C52620099602A /* MKVideoCoverViewController.swift in Sources */ = {isa = PBXBuildFile; fileRef = 6F001C56219C52620099602A /* MKVideoCoverViewController.swift */; };
		6F001C59219D566C0099602A /* ColorToImage.swift in Sources */ = {isa = PBXBuildFile; fileRef = 6F001C58219D566C0099602A /* ColorToImage.swift */; };
		6F001C5B219D9D710099602A /* MKVideoCoverSlider.swift in Sources */ = {isa = PBXBuildFile; fileRef = 6F001C5A219D9D710099602A /* MKVideoCoverSlider.swift */; };
		6F0A9E2521AE64560069C587 /* TLStoryTextLayoutManager.m in Sources */ = {isa = PBXBuildFile; fileRef = 6F0A9E2321AE64560069C587 /* TLStoryTextLayoutManager.m */; };
		6F0A9E2821AE649A0069C587 /* MKStoryTextLayoutManager.m in Sources */ = {isa = PBXBuildFile; fileRef = 6F0A9E2721AE649A0069C587 /* MKStoryTextLayoutManager.m */; };
		6F23627B22D87C2900AE7B77 /* PopTipViewController.swift in Sources */ = {isa = PBXBuildFile; fileRef = 6F23627A22D87C2900AE7B77 /* PopTipViewController.swift */; };
		6F33C32B21CA655000FAE42B /* XRRefreshMarcos.swift in Sources */ = {isa = PBXBuildFile; fileRef = 6F33C31D21CA655000FAE42B /* XRRefreshMarcos.swift */; };
		6F33C32C21CA655000FAE42B /* XRRefreshControlSettings.swift in Sources */ = {isa = PBXBuildFile; fileRef = 6F33C31E21CA655000FAE42B /* XRRefreshControlSettings.swift */; };
		6F33C32D21CA655000FAE42B /* XRActivityRefreshHeader.swift in Sources */ = {isa = PBXBuildFile; fileRef = 6F33C32021CA655000FAE42B /* XRActivityRefreshHeader.swift */; };
		6F33C32E21CA655000FAE42B /* XRActivityRefreshFooter.swift in Sources */ = {isa = PBXBuildFile; fileRef = 6F33C32121CA655000FAE42B /* XRActivityRefreshFooter.swift */; };
		6F33C32F21CA655000FAE42B /* XRProvider.swift in Sources */ = {isa = PBXBuildFile; fileRef = 6F33C32321CA655000FAE42B /* XRProvider.swift */; };
		6F33C33021CA655000FAE42B /* XRBaseRefreshHeader.swift in Sources */ = {isa = PBXBuildFile; fileRef = 6F33C32421CA655000FAE42B /* XRBaseRefreshHeader.swift */; };
		6F33C33121CA655000FAE42B /* XRBaseRefreshFooter.swift in Sources */ = {isa = PBXBuildFile; fileRef = 6F33C32521CA655000FAE42B /* XRBaseRefreshFooter.swift */; };
		6F33C33221CA655000FAE42B /* UIScrollView+XRRefresh.swift in Sources */ = {isa = PBXBuildFile; fileRef = 6F33C32721CA655000FAE42B /* UIScrollView+XRRefresh.swift */; };
		6F33C33321CA655000FAE42B /* UIScrollView+XRExtension.swift in Sources */ = {isa = PBXBuildFile; fileRef = 6F33C32821CA655000FAE42B /* UIScrollView+XRExtension.swift */; };
		6F33C33421CA655000FAE42B /* DispatchQueue+XRRefresh.swift in Sources */ = {isa = PBXBuildFile; fileRef = 6F33C32921CA655000FAE42B /* DispatchQueue+XRRefresh.swift */; };
		6F33C33521CA655000FAE42B /* UIView+XRExtension.swift in Sources */ = {isa = PBXBuildFile; fileRef = 6F33C32A21CA655000FAE42B /* UIView+XRExtension.swift */; };
		6F33C33721CA655900FAE42B /* MKRefreshControlViewController.swift in Sources */ = {isa = PBXBuildFile; fileRef = 6F33C33621CA655900FAE42B /* MKRefreshControlViewController.swift */; };
		6F33C33921CA679D00FAE42B /* MKRefreshCollectionViewCell.swift in Sources */ = {isa = PBXBuildFile; fileRef = 6F33C33821CA679D00FAE42B /* MKRefreshCollectionViewCell.swift */; };
		6F33C33B21CB378100FAE42B /* MKRefresh.swift in Sources */ = {isa = PBXBuildFile; fileRef = 6F33C33A21CB378100FAE42B /* MKRefresh.swift */; };
		6F33C34121CB42CC00FAE42B /* UIScrollView+MKRefreshScrollView.swift in Sources */ = {isa = PBXBuildFile; fileRef = 6F33C34021CB42CC00FAE42B /* UIScrollView+MKRefreshScrollView.swift */; };
		6F33C34421CB50D500FAE42B /* MKRefreshHeaderView.m in Sources */ = {isa = PBXBuildFile; fileRef = 6F33C34321CB50D500FAE42B /* MKRefreshHeaderView.m */; };
		6F33C34721CB5AE900FAE42B /* MKRefreshFooterView.m in Sources */ = {isa = PBXBuildFile; fileRef = 6F33C34621CB5AE900FAE42B /* MKRefreshFooterView.m */; };
		6F3BCFBA225F2111003BB3F5 /* MKScrollTableViewController.swift in Sources */ = {isa = PBXBuildFile; fileRef = 6F3BCFB9225F2111003BB3F5 /* MKScrollTableViewController.swift */; };
		6F3BCFBC225F212C003BB3F5 /* MKStory.storyboard in Resources */ = {isa = PBXBuildFile; fileRef = 6F3BCFBB225F212C003BB3F5 /* MKStory.storyboard */; };
		6F3BCFBE225F4049003BB3F5 /* MKScrollTextViewController.swift in Sources */ = {isa = PBXBuildFile; fileRef = 6F3BCFBD225F4049003BB3F5 /* MKScrollTextViewController.swift */; };
		6F3BCFC0225F4AA6003BB3F5 /* MKTextScrollView.swift in Sources */ = {isa = PBXBuildFile; fileRef = 6F3BCFBF225F4AA6003BB3F5 /* MKTextScrollView.swift */; };
		6F3BCFC2225F5019003BB3F5 /* MKScrollTextTimerViewController.swift in Sources */ = {isa = PBXBuildFile; fileRef = 6F3BCFC1225F5019003BB3F5 /* MKScrollTextTimerViewController.swift */; };
		6F3BCFC8225F5C2A003BB3F5 /* PRTweenTimingFunctions.m in Sources */ = {isa = PBXBuildFile; fileRef = 6F3BCFC6225F5C2A003BB3F5 /* PRTweenTimingFunctions.m */; };
		6F3BCFC9225F5C2A003BB3F5 /* PRTween.m in Sources */ = {isa = PBXBuildFile; fileRef = 6F3BCFC7225F5C2A003BB3F5 /* PRTween.m */; };
		6F3BCFCB225F5C66003BB3F5 /* DemoTableView.swift in Sources */ = {isa = PBXBuildFile; fileRef = 6F3BCFCA225F5C66003BB3F5 /* DemoTableView.swift */; };
		6F437D462271BA620090FB17 /* MKDeleteCellTableViewController.swift in Sources */ = {isa = PBXBuildFile; fileRef = 6F437D452271BA620090FB17 /* MKDeleteCellTableViewController.swift */; };
		6F48B46F22D3311700CCDA50 /* GiphyUIViewController.swift in Sources */ = {isa = PBXBuildFile; fileRef = 6F48B46E22D3311600CCDA50 /* GiphyUIViewController.swift */; };
		6F48B47122D5836400CCDA50 /* TenorViewController.swift in Sources */ = {isa = PBXBuildFile; fileRef = 6F48B47022D5836400CCDA50 /* TenorViewController.swift */; };
		6F48B47422D58D9E00CCDA50 /* tenor(1).gif in Resources */ = {isa = PBXBuildFile; fileRef = 6F48B47222D58D9E00CCDA50 /* tenor(1).gif */; };
		6F48B47522D58D9E00CCDA50 /* tenor.gif in Resources */ = {isa = PBXBuildFile; fileRef = 6F48B47322D58D9E00CCDA50 /* tenor.gif */; };
		6F48B47722D58FB000CCDA50 /* WatermarkEngine.swift in Sources */ = {isa = PBXBuildFile; fileRef = 6F48B47622D58FB000CCDA50 /* WatermarkEngine.swift */; };
		6F49AAE5219E7ADA007EA231 /* MKDefine.swift in Sources */ = {isa = PBXBuildFile; fileRef = 6F49AAE4219E7ADA007EA231 /* MKDefine.swift */; };
		6F49AAE7219EA4E5007EA231 /* MKCaptionLabel.swift in Sources */ = {isa = PBXBuildFile; fileRef = 6F49AAE6219EA4E5007EA231 /* MKCaptionLabel.swift */; };
		6F49AAEB219EA83C007EA231 /* ViewExtention.swift in Sources */ = {isa = PBXBuildFile; fileRef = 6F49AAEA219EA83C007EA231 /* ViewExtention.swift */; };
		6F49AAED219EBBAD007EA231 /* MKCoverCollectionCell.swift in Sources */ = {isa = PBXBuildFile; fileRef = 6F49AAEC219EBBAD007EA231 /* MKCoverCollectionCell.swift */; };
		6F49AAEF219EEF76007EA231 /* MKVideoManager.swift in Sources */ = {isa = PBXBuildFile; fileRef = 6F49AAEE219EEF76007EA231 /* MKVideoManager.swift */; };
		6F49AAF821A2E823007EA231 /* MKChooseTreeViewController.swift in Sources */ = {isa = PBXBuildFile; fileRef = 6F49AAF721A2E823007EA231 /* MKChooseTreeViewController.swift */; };
		6F49AB3821A56B94007EA231 /* GPUImageBeautifyFilter.m in Sources */ = {isa = PBXBuildFile; fileRef = 6F49AB2F21A56B93007EA231 /* GPUImageBeautifyFilter.m */; };
		6F49AB3921A56B94007EA231 /* TLGPUImageAlphaBlendFilter.m in Sources */ = {isa = PBXBuildFile; fileRef = 6F49AB3021A56B93007EA231 /* TLGPUImageAlphaBlendFilter.m */; };
		6F49AB3A21A56B94007EA231 /* GPUImageCustomLookupFilter.swift in Sources */ = {isa = PBXBuildFile; fileRef = 6F49AB3121A56B93007EA231 /* GPUImageCustomLookupFilter.swift */; };
		6F49AB3B21A56B94007EA231 /* TLGPUImageMovieFillFiter.m in Sources */ = {isa = PBXBuildFile; fileRef = 6F49AB3221A56B93007EA231 /* TLGPUImageMovieFillFiter.m */; };
		6F49AB4121A56BA3007EA231 /* MKExportStoryConfiguration.swift in Sources */ = {isa = PBXBuildFile; fileRef = 6F49AB3E21A56BA3007EA231 /* MKExportStoryConfiguration.swift */; };
		6F49AB4221A56BA3007EA231 /* MKStoryOutput.swift in Sources */ = {isa = PBXBuildFile; fileRef = 6F49AB3F21A56BA3007EA231 /* MKStoryOutput.swift */; };
		6F49AB4621A57882007EA231 /* MKProgressHUD.swift in Sources */ = {isa = PBXBuildFile; fileRef = 6F49AB4521A57882007EA231 /* MKProgressHUD.swift */; };
		6F49AB4D21A57B48007EA231 /* UIImage+ExportStory.swift in Sources */ = {isa = PBXBuildFile; fileRef = 6F49AB4921A57B47007EA231 /* UIImage+ExportStory.swift */; };
		6F7B0DF8219A730800CA2BD2 /* ColorsCollectionCell.swift in Sources */ = {isa = PBXBuildFile; fileRef = 6F7B0DF7219A730800CA2BD2 /* ColorsCollectionCell.swift */; };
		6F7B0DFA219AB46700CA2BD2 /* AttributeStringExtention.swift in Sources */ = {isa = PBXBuildFile; fileRef = 6F7B0DF9219AB46700CA2BD2 /* AttributeStringExtention.swift */; };
		6F7B0DFC219ACC1100CA2BD2 /* GestureViewController.swift in Sources */ = {isa = PBXBuildFile; fileRef = 6F7B0DFB219ACC1100CA2BD2 /* GestureViewController.swift */; };
		6F7B0DFE219AE86200CA2BD2 /* FilterProtocol.swift in Sources */ = {isa = PBXBuildFile; fileRef = 6F7B0DFD219AE86200CA2BD2 /* FilterProtocol.swift */; };
		6F7B0E01219BBD1700CA2BD2 /* FilterModel.swift in Sources */ = {isa = PBXBuildFile; fileRef = 6F7B0E00219BBD1700CA2BD2 /* FilterModel.swift */; };
		6F7B0E03219BD5D500CA2BD2 /* FilterView.swift in Sources */ = {isa = PBXBuildFile; fileRef = 6F7B0E02219BD5D500CA2BD2 /* FilterView.swift */; };
		6F7B0E05219BD68400CA2BD2 /* FilterImageView.swift in Sources */ = {isa = PBXBuildFile; fileRef = 6F7B0E04219BD68400CA2BD2 /* FilterImageView.swift */; };
		6F8A270A22C0A5D7002B8E2D /* ShareManager.swift in Sources */ = {isa = PBXBuildFile; fileRef = 6F8A270922C0A5D7002B8E2D /* ShareManager.swift */; };
		6FA4FA1722B25CD3000BB650 /* VideoEditCommond.swift in Sources */ = {isa = PBXBuildFile; fileRef = 6FA4FA1222B25CD3000BB650 /* VideoEditCommond.swift */; };
		6FA4FA1822B25CD3000BB650 /* VideoCompositionCommand.swift in Sources */ = {isa = PBXBuildFile; fileRef = 6FA4FA1322B25CD3000BB650 /* VideoCompositionCommand.swift */; };
		6FA4FA1A22B25CD3000BB650 /* VideoWatermarkCommond.swift in Sources */ = {isa = PBXBuildFile; fileRef = 6FA4FA1522B25CD3000BB650 /* VideoWatermarkCommond.swift */; };
		6FA4FA1B22B25CD3000BB650 /* VideoExportCommond.swift in Sources */ = {isa = PBXBuildFile; fileRef = 6FA4FA1622B25CD3000BB650 /* VideoExportCommond.swift */; };
		6FA4FA1D22B27864000BB650 /* Date+Extension.swift in Sources */ = {isa = PBXBuildFile; fileRef = 6FA4FA1C22B27864000BB650 /* Date+Extension.swift */; };
		6FA4FA2122B33CCF000BB650 /* TimeLog.swift in Sources */ = {isa = PBXBuildFile; fileRef = 6FA4FA2022B33CCF000BB650 /* TimeLog.swift */; };
		6FA4FA2322B34492000BB650 /* ariana.mp4 in Resources */ = {isa = PBXBuildFile; fileRef = 6FA4FA2222B34492000BB650 /* ariana.mp4 */; };
		6FBBB5B6228A8F8900213FDF /* MKVideoCompostionViewController.swift in Sources */ = {isa = PBXBuildFile; fileRef = 6FBBB5B5228A8F8900213FDF /* MKVideoCompostionViewController.swift */; };
		6FC68C44219957C80073F3D2 /* 220.mp4 in Resources */ = {isa = PBXBuildFile; fileRef = 6FC68C43219957C80073F3D2 /* 220.mp4 */; };
		6FC68C482199618E0073F3D2 /* MKTextEdit.swift in Sources */ = {isa = PBXBuildFile; fileRef = 6FC68C472199618E0073F3D2 /* MKTextEdit.swift */; };
		6FC68C4B21996F480073F3D2 /* MKViewToImageViewController.swift in Sources */ = {isa = PBXBuildFile; fileRef = 6FC68C4A21996F480073F3D2 /* MKViewToImageViewController.swift */; };
		6FC68C4E219971AD0073F3D2 /* TextColorInputView.swift in Sources */ = {isa = PBXBuildFile; fileRef = 6FC68C4D219971AD0073F3D2 /* TextColorInputView.swift */; };
		6FC68C502199751F0073F3D2 /* TextEditMaskManager.swift in Sources */ = {isa = PBXBuildFile; fileRef = 6FC68C4F2199751F0073F3D2 /* TextEditMaskManager.swift */; };
		6FC68C5221997E010073F3D2 /* MKVideoEditViewController.swift in Sources */ = {isa = PBXBuildFile; fileRef = 6FC68C5121997E010073F3D2 /* MKVideoEditViewController.swift */; };
		6FC68C54219985FB0073F3D2 /* EditTextView.swift in Sources */ = {isa = PBXBuildFile; fileRef = 6FC68C53219985FB0073F3D2 /* EditTextView.swift */; };
		6FDD79F421F1FA0500F83604 /* MKQuestionStickerView.swift in Sources */ = {isa = PBXBuildFile; fileRef = 6FDD79F321F1FA0500F83604 /* MKQuestionStickerView.swift */; };
		6FDD79F621F2011200F83604 /* MKStickerViewController.swift in Sources */ = {isa = PBXBuildFile; fileRef = 6FDD79F521F2011200F83604 /* MKStickerViewController.swift */; };
		6FDD79F821F2057400F83604 /* MKPlaceholderTextView.swift in Sources */ = {isa = PBXBuildFile; fileRef = 6FDD79F721F2057400F83604 /* MKPlaceholderTextView.swift */; };
		6FDD79FA21F2F5EF00F83604 /* MKMomentEditMaskView.swift in Sources */ = {isa = PBXBuildFile; fileRef = 6FDD79F921F2F5EF00F83604 /* MKMomentEditMaskView.swift */; };
		6FDE325B21991B74008CB0E9 /* AppDelegate.swift in Sources */ = {isa = PBXBuildFile; fileRef = 6FDE325A21991B74008CB0E9 /* AppDelegate.swift */; };
		6FDE325D21991B75008CB0E9 /* ViewController.swift in Sources */ = {isa = PBXBuildFile; fileRef = 6FDE325C21991B75008CB0E9 /* ViewController.swift */; };
		6FDE326221991B77008CB0E9 /* Assets.xcassets in Resources */ = {isa = PBXBuildFile; fileRef = 6FDE326121991B77008CB0E9 /* Assets.xcassets */; };
		6FDE326521991B77008CB0E9 /* LaunchScreen.storyboard in Resources */ = {isa = PBXBuildFile; fileRef = 6FDE326321991B77008CB0E9 /* LaunchScreen.storyboard */; };
		6FF1C98F228D5A39007E8583 /* 444.mp4 in Resources */ = {isa = PBXBuildFile; fileRef = 6FF1C98E228D5A39007E8583 /* 444.mp4 */; };
		6FF1C9A3228E51F5007E8583 /* pre.mp4 in Resources */ = {isa = PBXBuildFile; fileRef = 6FF1C9A2228E51F5007E8583 /* pre.mp4 */; };
		6FF1C9A5228E52AB007E8583 /* main.mp4 in Resources */ = {isa = PBXBuildFile; fileRef = 6FF1C9A4228E52AB007E8583 /* main.mp4 */; };
		6FFF54FC2202EFB300FA8156 /* MKAdjustFontViewController.swift in Sources */ = {isa = PBXBuildFile; fileRef = 6FFF54FB2202EFB300FA8156 /* MKAdjustFontViewController.swift */; };
/* End PBXBuildFile section */

/* Begin PBXFileReference section */
		3D5D2A6A126EDD7D5CB996FF /* Pods-MKVideoManager.debug.xcconfig */ = {isa = PBXFileReference; includeInIndex = 1; lastKnownFileType = text.xcconfig; name = "Pods-MKVideoManager.debug.xcconfig"; path = "Pods/Target Support Files/Pods-MKVideoManager/Pods-MKVideoManager.debug.xcconfig"; sourceTree = "<group>"; };
		5AD58404F34ABF658D8C5971 /* Pods_MKVideoManager.framework */ = {isa = PBXFileReference; explicitFileType = wrapper.framework; includeInIndex = 0; path = Pods_MKVideoManager.framework; sourceTree = BUILT_PRODUCTS_DIR; };
		6F001C54219BFA8B0099602A /* MKFilterMaskView.swift */ = {isa = PBXFileReference; lastKnownFileType = sourcecode.swift; path = MKFilterMaskView.swift; sourceTree = "<group>"; };
		6F001C56219C52620099602A /* MKVideoCoverViewController.swift */ = {isa = PBXFileReference; lastKnownFileType = sourcecode.swift; path = MKVideoCoverViewController.swift; sourceTree = "<group>"; };
		6F001C58219D566C0099602A /* ColorToImage.swift */ = {isa = PBXFileReference; lastKnownFileType = sourcecode.swift; path = ColorToImage.swift; sourceTree = "<group>"; };
		6F001C5A219D9D710099602A /* MKVideoCoverSlider.swift */ = {isa = PBXFileReference; lastKnownFileType = sourcecode.swift; path = MKVideoCoverSlider.swift; sourceTree = "<group>"; };
		6F0A9E2321AE64560069C587 /* TLStoryTextLayoutManager.m */ = {isa = PBXFileReference; fileEncoding = 4; lastKnownFileType = sourcecode.c.objc; path = TLStoryTextLayoutManager.m; sourceTree = "<group>"; };
		6F0A9E2421AE64560069C587 /* TLStoryTextLayoutManager.h */ = {isa = PBXFileReference; fileEncoding = 4; lastKnownFileType = sourcecode.c.h; path = TLStoryTextLayoutManager.h; sourceTree = "<group>"; };
		6F0A9E2621AE649A0069C587 /* MKStoryTextLayoutManager.h */ = {isa = PBXFileReference; lastKnownFileType = sourcecode.c.h; path = MKStoryTextLayoutManager.h; sourceTree = "<group>"; };
		6F0A9E2721AE649A0069C587 /* MKStoryTextLayoutManager.m */ = {isa = PBXFileReference; lastKnownFileType = sourcecode.c.objc; path = MKStoryTextLayoutManager.m; sourceTree = "<group>"; };
		6F23627A22D87C2900AE7B77 /* PopTipViewController.swift */ = {isa = PBXFileReference; lastKnownFileType = sourcecode.swift; path = PopTipViewController.swift; sourceTree = "<group>"; };
		6F33C31D21CA655000FAE42B /* XRRefreshMarcos.swift */ = {isa = PBXFileReference; fileEncoding = 4; lastKnownFileType = sourcecode.swift; path = XRRefreshMarcos.swift; sourceTree = "<group>"; };
		6F33C31E21CA655000FAE42B /* XRRefreshControlSettings.swift */ = {isa = PBXFileReference; fileEncoding = 4; lastKnownFileType = sourcecode.swift; path = XRRefreshControlSettings.swift; sourceTree = "<group>"; };
		6F33C32021CA655000FAE42B /* XRActivityRefreshHeader.swift */ = {isa = PBXFileReference; fileEncoding = 4; lastKnownFileType = sourcecode.swift; path = XRActivityRefreshHeader.swift; sourceTree = "<group>"; };
		6F33C32121CA655000FAE42B /* XRActivityRefreshFooter.swift */ = {isa = PBXFileReference; fileEncoding = 4; lastKnownFileType = sourcecode.swift; path = XRActivityRefreshFooter.swift; sourceTree = "<group>"; };
		6F33C32321CA655000FAE42B /* XRProvider.swift */ = {isa = PBXFileReference; fileEncoding = 4; lastKnownFileType = sourcecode.swift; path = XRProvider.swift; sourceTree = "<group>"; };
		6F33C32421CA655000FAE42B /* XRBaseRefreshHeader.swift */ = {isa = PBXFileReference; fileEncoding = 4; lastKnownFileType = sourcecode.swift; path = XRBaseRefreshHeader.swift; sourceTree = "<group>"; };
		6F33C32521CA655000FAE42B /* XRBaseRefreshFooter.swift */ = {isa = PBXFileReference; fileEncoding = 4; lastKnownFileType = sourcecode.swift; path = XRBaseRefreshFooter.swift; sourceTree = "<group>"; };
		6F33C32721CA655000FAE42B /* UIScrollView+XRRefresh.swift */ = {isa = PBXFileReference; fileEncoding = 4; lastKnownFileType = sourcecode.swift; path = "UIScrollView+XRRefresh.swift"; sourceTree = "<group>"; };
		6F33C32821CA655000FAE42B /* UIScrollView+XRExtension.swift */ = {isa = PBXFileReference; fileEncoding = 4; lastKnownFileType = sourcecode.swift; path = "UIScrollView+XRExtension.swift"; sourceTree = "<group>"; };
		6F33C32921CA655000FAE42B /* DispatchQueue+XRRefresh.swift */ = {isa = PBXFileReference; fileEncoding = 4; lastKnownFileType = sourcecode.swift; path = "DispatchQueue+XRRefresh.swift"; sourceTree = "<group>"; };
		6F33C32A21CA655000FAE42B /* UIView+XRExtension.swift */ = {isa = PBXFileReference; fileEncoding = 4; lastKnownFileType = sourcecode.swift; path = "UIView+XRExtension.swift"; sourceTree = "<group>"; };
		6F33C33621CA655900FAE42B /* MKRefreshControlViewController.swift */ = {isa = PBXFileReference; lastKnownFileType = sourcecode.swift; path = MKRefreshControlViewController.swift; sourceTree = "<group>"; };
		6F33C33821CA679D00FAE42B /* MKRefreshCollectionViewCell.swift */ = {isa = PBXFileReference; lastKnownFileType = sourcecode.swift; path = MKRefreshCollectionViewCell.swift; sourceTree = "<group>"; };
		6F33C33A21CB378100FAE42B /* MKRefresh.swift */ = {isa = PBXFileReference; lastKnownFileType = sourcecode.swift; path = MKRefresh.swift; sourceTree = "<group>"; };
		6F33C34021CB42CC00FAE42B /* UIScrollView+MKRefreshScrollView.swift */ = {isa = PBXFileReference; lastKnownFileType = sourcecode.swift; path = "UIScrollView+MKRefreshScrollView.swift"; sourceTree = "<group>"; };
		6F33C34221CB50D500FAE42B /* MKRefreshHeaderView.h */ = {isa = PBXFileReference; lastKnownFileType = sourcecode.c.h; path = MKRefreshHeaderView.h; sourceTree = "<group>"; };
		6F33C34321CB50D500FAE42B /* MKRefreshHeaderView.m */ = {isa = PBXFileReference; lastKnownFileType = sourcecode.c.objc; path = MKRefreshHeaderView.m; sourceTree = "<group>"; };
		6F33C34521CB5AE900FAE42B /* MKRefreshFooterView.h */ = {isa = PBXFileReference; lastKnownFileType = sourcecode.c.h; path = MKRefreshFooterView.h; sourceTree = "<group>"; };
		6F33C34621CB5AE900FAE42B /* MKRefreshFooterView.m */ = {isa = PBXFileReference; lastKnownFileType = sourcecode.c.objc; path = MKRefreshFooterView.m; sourceTree = "<group>"; };
		6F3BCFB9225F2111003BB3F5 /* MKScrollTableViewController.swift */ = {isa = PBXFileReference; lastKnownFileType = sourcecode.swift; path = MKScrollTableViewController.swift; sourceTree = "<group>"; };
		6F3BCFBB225F212C003BB3F5 /* MKStory.storyboard */ = {isa = PBXFileReference; lastKnownFileType = file.storyboard; path = MKStory.storyboard; sourceTree = "<group>"; };
		6F3BCFBD225F4049003BB3F5 /* MKScrollTextViewController.swift */ = {isa = PBXFileReference; lastKnownFileType = sourcecode.swift; path = MKScrollTextViewController.swift; sourceTree = "<group>"; };
		6F3BCFBF225F4AA6003BB3F5 /* MKTextScrollView.swift */ = {isa = PBXFileReference; lastKnownFileType = sourcecode.swift; path = MKTextScrollView.swift; sourceTree = "<group>"; };
		6F3BCFC1225F5019003BB3F5 /* MKScrollTextTimerViewController.swift */ = {isa = PBXFileReference; lastKnownFileType = sourcecode.swift; path = MKScrollTextTimerViewController.swift; sourceTree = "<group>"; };
		6F3BCFC4225F5C2A003BB3F5 /* PRTween.h */ = {isa = PBXFileReference; fileEncoding = 4; lastKnownFileType = sourcecode.c.h; path = PRTween.h; sourceTree = "<group>"; };
		6F3BCFC5225F5C2A003BB3F5 /* PRTweenTimingFunctions.h */ = {isa = PBXFileReference; fileEncoding = 4; lastKnownFileType = sourcecode.c.h; path = PRTweenTimingFunctions.h; sourceTree = "<group>"; };
		6F3BCFC6225F5C2A003BB3F5 /* PRTweenTimingFunctions.m */ = {isa = PBXFileReference; fileEncoding = 4; lastKnownFileType = sourcecode.c.objc; path = PRTweenTimingFunctions.m; sourceTree = "<group>"; };
		6F3BCFC7225F5C2A003BB3F5 /* PRTween.m */ = {isa = PBXFileReference; fileEncoding = 4; lastKnownFileType = sourcecode.c.objc; path = PRTween.m; sourceTree = "<group>"; };
		6F3BCFCA225F5C66003BB3F5 /* DemoTableView.swift */ = {isa = PBXFileReference; lastKnownFileType = sourcecode.swift; path = DemoTableView.swift; sourceTree = "<group>"; };
		6F437D452271BA620090FB17 /* MKDeleteCellTableViewController.swift */ = {isa = PBXFileReference; lastKnownFileType = sourcecode.swift; path = MKDeleteCellTableViewController.swift; sourceTree = "<group>"; };
		6F48B46E22D3311600CCDA50 /* GiphyUIViewController.swift */ = {isa = PBXFileReference; fileEncoding = 4; lastKnownFileType = sourcecode.swift; path = GiphyUIViewController.swift; sourceTree = "<group>"; };
		6F48B47022D5836400CCDA50 /* TenorViewController.swift */ = {isa = PBXFileReference; lastKnownFileType = sourcecode.swift; path = TenorViewController.swift; sourceTree = "<group>"; };
		6F48B47222D58D9E00CCDA50 /* tenor(1).gif */ = {isa = PBXFileReference; lastKnownFileType = image.gif; path = "tenor(1).gif"; sourceTree = "<group>"; };
		6F48B47322D58D9E00CCDA50 /* tenor.gif */ = {isa = PBXFileReference; lastKnownFileType = image.gif; path = tenor.gif; sourceTree = "<group>"; };
		6F48B47622D58FB000CCDA50 /* WatermarkEngine.swift */ = {isa = PBXFileReference; lastKnownFileType = sourcecode.swift; path = WatermarkEngine.swift; sourceTree = "<group>"; };
		6F49AAE4219E7ADA007EA231 /* MKDefine.swift */ = {isa = PBXFileReference; lastKnownFileType = sourcecode.swift; path = MKDefine.swift; sourceTree = "<group>"; };
		6F49AAE6219EA4E5007EA231 /* MKCaptionLabel.swift */ = {isa = PBXFileReference; lastKnownFileType = sourcecode.swift; path = MKCaptionLabel.swift; sourceTree = "<group>"; };
		6F49AAEA219EA83C007EA231 /* ViewExtention.swift */ = {isa = PBXFileReference; lastKnownFileType = sourcecode.swift; path = ViewExtention.swift; sourceTree = "<group>"; };
		6F49AAEC219EBBAD007EA231 /* MKCoverCollectionCell.swift */ = {isa = PBXFileReference; lastKnownFileType = sourcecode.swift; path = MKCoverCollectionCell.swift; sourceTree = "<group>"; };
		6F49AAEE219EEF76007EA231 /* MKVideoManager.swift */ = {isa = PBXFileReference; lastKnownFileType = sourcecode.swift; path = MKVideoManager.swift; sourceTree = "<group>"; };
		6F49AAF721A2E823007EA231 /* MKChooseTreeViewController.swift */ = {isa = PBXFileReference; lastKnownFileType = sourcecode.swift; path = MKChooseTreeViewController.swift; sourceTree = "<group>"; };
		6F49AB2E21A56B93007EA231 /* TLGPUImageMovieFillFiter.h */ = {isa = PBXFileReference; fileEncoding = 4; lastKnownFileType = sourcecode.c.h; path = TLGPUImageMovieFillFiter.h; sourceTree = "<group>"; };
		6F49AB2F21A56B93007EA231 /* GPUImageBeautifyFilter.m */ = {isa = PBXFileReference; fileEncoding = 4; lastKnownFileType = sourcecode.c.objc; path = GPUImageBeautifyFilter.m; sourceTree = "<group>"; };
		6F49AB3021A56B93007EA231 /* TLGPUImageAlphaBlendFilter.m */ = {isa = PBXFileReference; fileEncoding = 4; lastKnownFileType = sourcecode.c.objc; path = TLGPUImageAlphaBlendFilter.m; sourceTree = "<group>"; };
		6F49AB3121A56B93007EA231 /* GPUImageCustomLookupFilter.swift */ = {isa = PBXFileReference; fileEncoding = 4; lastKnownFileType = sourcecode.swift; path = GPUImageCustomLookupFilter.swift; sourceTree = "<group>"; };
		6F49AB3221A56B93007EA231 /* TLGPUImageMovieFillFiter.m */ = {isa = PBXFileReference; fileEncoding = 4; lastKnownFileType = sourcecode.c.objc; path = TLGPUImageMovieFillFiter.m; sourceTree = "<group>"; };
		6F49AB3321A56B93007EA231 /* TLGPUImageAlphaBlendFilter.h */ = {isa = PBXFileReference; fileEncoding = 4; lastKnownFileType = sourcecode.c.h; path = TLGPUImageAlphaBlendFilter.h; sourceTree = "<group>"; };
		6F49AB3421A56B93007EA231 /* GPUImageBeautifyFilter.h */ = {isa = PBXFileReference; fileEncoding = 4; lastKnownFileType = sourcecode.c.h; path = GPUImageBeautifyFilter.h; sourceTree = "<group>"; };
		6F49AB3E21A56BA3007EA231 /* MKExportStoryConfiguration.swift */ = {isa = PBXFileReference; fileEncoding = 4; lastKnownFileType = sourcecode.swift; path = MKExportStoryConfiguration.swift; sourceTree = "<group>"; };
		6F49AB3F21A56BA3007EA231 /* MKStoryOutput.swift */ = {isa = PBXFileReference; fileEncoding = 4; lastKnownFileType = sourcecode.swift; path = MKStoryOutput.swift; sourceTree = "<group>"; };
		6F49AB4521A57882007EA231 /* MKProgressHUD.swift */ = {isa = PBXFileReference; fileEncoding = 4; lastKnownFileType = sourcecode.swift; path = MKProgressHUD.swift; sourceTree = "<group>"; };
		6F49AB4921A57B47007EA231 /* UIImage+ExportStory.swift */ = {isa = PBXFileReference; fileEncoding = 4; lastKnownFileType = sourcecode.swift; path = "UIImage+ExportStory.swift"; sourceTree = "<group>"; };
		6F49AB5221A57EA8007EA231 /* Bridge.h */ = {isa = PBXFileReference; lastKnownFileType = sourcecode.c.h; path = Bridge.h; sourceTree = "<group>"; };
		6F7B0DF7219A730800CA2BD2 /* ColorsCollectionCell.swift */ = {isa = PBXFileReference; lastKnownFileType = sourcecode.swift; path = ColorsCollectionCell.swift; sourceTree = "<group>"; };
		6F7B0DF9219AB46700CA2BD2 /* AttributeStringExtention.swift */ = {isa = PBXFileReference; lastKnownFileType = sourcecode.swift; path = AttributeStringExtention.swift; sourceTree = "<group>"; };
		6F7B0DFB219ACC1100CA2BD2 /* GestureViewController.swift */ = {isa = PBXFileReference; lastKnownFileType = sourcecode.swift; path = GestureViewController.swift; sourceTree = "<group>"; };
		6F7B0DFD219AE86200CA2BD2 /* FilterProtocol.swift */ = {isa = PBXFileReference; lastKnownFileType = sourcecode.swift; path = FilterProtocol.swift; sourceTree = "<group>"; };
		6F7B0E00219BBD1700CA2BD2 /* FilterModel.swift */ = {isa = PBXFileReference; lastKnownFileType = sourcecode.swift; path = FilterModel.swift; sourceTree = "<group>"; };
		6F7B0E02219BD5D500CA2BD2 /* FilterView.swift */ = {isa = PBXFileReference; lastKnownFileType = sourcecode.swift; path = FilterView.swift; sourceTree = "<group>"; };
		6F7B0E04219BD68400CA2BD2 /* FilterImageView.swift */ = {isa = PBXFileReference; lastKnownFileType = sourcecode.swift; path = FilterImageView.swift; sourceTree = "<group>"; };
		6F8A270922C0A5D7002B8E2D /* ShareManager.swift */ = {isa = PBXFileReference; lastKnownFileType = sourcecode.swift; path = ShareManager.swift; sourceTree = "<group>"; };
		6FA4FA1222B25CD3000BB650 /* VideoEditCommond.swift */ = {isa = PBXFileReference; fileEncoding = 4; lastKnownFileType = sourcecode.swift; path = VideoEditCommond.swift; sourceTree = "<group>"; };
		6FA4FA1322B25CD3000BB650 /* VideoCompositionCommand.swift */ = {isa = PBXFileReference; fileEncoding = 4; lastKnownFileType = sourcecode.swift; path = VideoCompositionCommand.swift; sourceTree = "<group>"; };
		6FA4FA1522B25CD3000BB650 /* VideoWatermarkCommond.swift */ = {isa = PBXFileReference; fileEncoding = 4; lastKnownFileType = sourcecode.swift; path = VideoWatermarkCommond.swift; sourceTree = "<group>"; };
		6FA4FA1622B25CD3000BB650 /* VideoExportCommond.swift */ = {isa = PBXFileReference; fileEncoding = 4; lastKnownFileType = sourcecode.swift; path = VideoExportCommond.swift; sourceTree = "<group>"; };
		6FA4FA1C22B27864000BB650 /* Date+Extension.swift */ = {isa = PBXFileReference; fileEncoding = 4; lastKnownFileType = sourcecode.swift; path = "Date+Extension.swift"; sourceTree = "<group>"; };
		6FA4FA2022B33CCF000BB650 /* TimeLog.swift */ = {isa = PBXFileReference; lastKnownFileType = sourcecode.swift; path = TimeLog.swift; sourceTree = "<group>"; };
		6FA4FA2222B34492000BB650 /* ariana.mp4 */ = {isa = PBXFileReference; lastKnownFileType = file; path = ariana.mp4; sourceTree = "<group>"; };
		6FBBB5B5228A8F8900213FDF /* MKVideoCompostionViewController.swift */ = {isa = PBXFileReference; lastKnownFileType = sourcecode.swift; path = MKVideoCompostionViewController.swift; sourceTree = "<group>"; };
		6FC68C43219957C80073F3D2 /* 220.mp4 */ = {isa = PBXFileReference; lastKnownFileType = file; path = 220.mp4; sourceTree = "<group>"; };
		6FC68C472199618E0073F3D2 /* MKTextEdit.swift */ = {isa = PBXFileReference; lastKnownFileType = sourcecode.swift; path = MKTextEdit.swift; sourceTree = "<group>"; };
		6FC68C4A21996F480073F3D2 /* MKViewToImageViewController.swift */ = {isa = PBXFileReference; lastKnownFileType = sourcecode.swift; path = MKViewToImageViewController.swift; sourceTree = "<group>"; };
		6FC68C4D219971AD0073F3D2 /* TextColorInputView.swift */ = {isa = PBXFileReference; lastKnownFileType = sourcecode.swift; path = TextColorInputView.swift; sourceTree = "<group>"; };
		6FC68C4F2199751F0073F3D2 /* TextEditMaskManager.swift */ = {isa = PBXFileReference; lastKnownFileType = sourcecode.swift; path = TextEditMaskManager.swift; sourceTree = "<group>"; };
		6FC68C5121997E010073F3D2 /* MKVideoEditViewController.swift */ = {isa = PBXFileReference; lastKnownFileType = sourcecode.swift; path = MKVideoEditViewController.swift; sourceTree = "<group>"; };
		6FC68C53219985FB0073F3D2 /* EditTextView.swift */ = {isa = PBXFileReference; lastKnownFileType = sourcecode.swift; path = EditTextView.swift; sourceTree = "<group>"; };
		6FDD79F321F1FA0500F83604 /* MKQuestionStickerView.swift */ = {isa = PBXFileReference; lastKnownFileType = sourcecode.swift; path = MKQuestionStickerView.swift; sourceTree = "<group>"; };
		6FDD79F521F2011200F83604 /* MKStickerViewController.swift */ = {isa = PBXFileReference; lastKnownFileType = sourcecode.swift; path = MKStickerViewController.swift; sourceTree = "<group>"; };
		6FDD79F721F2057400F83604 /* MKPlaceholderTextView.swift */ = {isa = PBXFileReference; lastKnownFileType = sourcecode.swift; path = MKPlaceholderTextView.swift; sourceTree = "<group>"; };
		6FDD79F921F2F5EF00F83604 /* MKMomentEditMaskView.swift */ = {isa = PBXFileReference; lastKnownFileType = sourcecode.swift; path = MKMomentEditMaskView.swift; sourceTree = "<group>"; };
		6FDE325721991B74008CB0E9 /* MKVideoManager.app */ = {isa = PBXFileReference; explicitFileType = wrapper.application; includeInIndex = 0; path = MKVideoManager.app; sourceTree = BUILT_PRODUCTS_DIR; };
		6FDE325A21991B74008CB0E9 /* AppDelegate.swift */ = {isa = PBXFileReference; lastKnownFileType = sourcecode.swift; path = AppDelegate.swift; sourceTree = "<group>"; };
		6FDE325C21991B75008CB0E9 /* ViewController.swift */ = {isa = PBXFileReference; lastKnownFileType = sourcecode.swift; path = ViewController.swift; sourceTree = "<group>"; };
		6FDE326121991B77008CB0E9 /* Assets.xcassets */ = {isa = PBXFileReference; lastKnownFileType = folder.assetcatalog; path = Assets.xcassets; sourceTree = "<group>"; };
		6FDE326421991B77008CB0E9 /* Base */ = {isa = PBXFileReference; lastKnownFileType = file.storyboard; name = Base; path = Base.lproj/LaunchScreen.storyboard; sourceTree = "<group>"; };
		6FDE326621991B77008CB0E9 /* Info.plist */ = {isa = PBXFileReference; lastKnownFileType = text.plist.xml; path = Info.plist; sourceTree = "<group>"; };
		6FF1C98E228D5A39007E8583 /* 444.mp4 */ = {isa = PBXFileReference; lastKnownFileType = file; path = 444.mp4; sourceTree = "<group>"; };
		6FF1C9A2228E51F5007E8583 /* pre.mp4 */ = {isa = PBXFileReference; lastKnownFileType = file; path = pre.mp4; sourceTree = "<group>"; };
		6FF1C9A4228E52AB007E8583 /* main.mp4 */ = {isa = PBXFileReference; lastKnownFileType = file; path = main.mp4; sourceTree = "<group>"; };
		6FFF54FB2202EFB300FA8156 /* MKAdjustFontViewController.swift */ = {isa = PBXFileReference; lastKnownFileType = sourcecode.swift; path = MKAdjustFontViewController.swift; sourceTree = "<group>"; };
		D24FF6C93D82A2FDBC45E9CF /* Pods-MKVideoManager.release.xcconfig */ = {isa = PBXFileReference; includeInIndex = 1; lastKnownFileType = text.xcconfig; name = "Pods-MKVideoManager.release.xcconfig"; path = "Pods/Target Support Files/Pods-MKVideoManager/Pods-MKVideoManager.release.xcconfig"; sourceTree = "<group>"; };
/* End PBXFileReference section */

/* Begin PBXFrameworksBuildPhase section */
		6FDE325421991B74008CB0E9 /* Frameworks */ = {
			isa = PBXFrameworksBuildPhase;
			buildActionMask = 2147483647;
			files = (
				2F0A1CE0E913885CA3A3BBCC /* Pods_MKVideoManager.framework in Frameworks */,
			);
			runOnlyForDeploymentPostprocessing = 0;
		};
/* End PBXFrameworksBuildPhase section */

/* Begin PBXGroup section */
		6F0A9E2221AE64560069C587 /* TextLayoutManager */ = {
			isa = PBXGroup;
			children = (
				6F0A9E2321AE64560069C587 /* TLStoryTextLayoutManager.m */,
				6F0A9E2421AE64560069C587 /* TLStoryTextLayoutManager.h */,
				6F0A9E2621AE649A0069C587 /* MKStoryTextLayoutManager.h */,
				6F0A9E2721AE649A0069C587 /* MKStoryTextLayoutManager.m */,
			);
			path = TextLayoutManager;
			sourceTree = "<group>";
		};
		6F33C31C21CA655000FAE42B /* Source */ = {
			isa = PBXGroup;
			children = (
				6F33C31D21CA655000FAE42B /* XRRefreshMarcos.swift */,
				6F33C31E21CA655000FAE42B /* XRRefreshControlSettings.swift */,
				6F3BCFC3225F5C2A003BB3F5 /* lib */,
				6F33C31F21CA655000FAE42B /* Core */,
				6F33C32621CA655000FAE42B /* Extensions */,
			);
			path = Source;
			sourceTree = "<group>";
		};
		6F33C31F21CA655000FAE42B /* Core */ = {
			isa = PBXGroup;
			children = (
				6F33C32021CA655000FAE42B /* XRActivityRefreshHeader.swift */,
				6F33C32121CA655000FAE42B /* XRActivityRefreshFooter.swift */,
				6F33C32221CA655000FAE42B /* Base */,
			);
			path = Core;
			sourceTree = "<group>";
		};
		6F33C32221CA655000FAE42B /* Base */ = {
			isa = PBXGroup;
			children = (
				6F33C32321CA655000FAE42B /* XRProvider.swift */,
				6F33C32421CA655000FAE42B /* XRBaseRefreshHeader.swift */,
				6F33C32521CA655000FAE42B /* XRBaseRefreshFooter.swift */,
			);
			path = Base;
			sourceTree = "<group>";
		};
		6F33C32621CA655000FAE42B /* Extensions */ = {
			isa = PBXGroup;
			children = (
				6F33C32721CA655000FAE42B /* UIScrollView+XRRefresh.swift */,
				6F33C32821CA655000FAE42B /* UIScrollView+XRExtension.swift */,
				6F33C32921CA655000FAE42B /* DispatchQueue+XRRefresh.swift */,
				6F33C32A21CA655000FAE42B /* UIView+XRExtension.swift */,
			);
			path = Extensions;
			sourceTree = "<group>";
		};
		6F3BCFC3225F5C2A003BB3F5 /* lib */ = {
			isa = PBXGroup;
			children = (
				6F3BCFC4225F5C2A003BB3F5 /* PRTween.h */,
				6F3BCFC5225F5C2A003BB3F5 /* PRTweenTimingFunctions.h */,
				6F3BCFC6225F5C2A003BB3F5 /* PRTweenTimingFunctions.m */,
				6F3BCFC7225F5C2A003BB3F5 /* PRTween.m */,
			);
			path = lib;
			sourceTree = "<group>";
		};
		6F49AB2C21A56B6E007EA231 /* outputTool */ = {
			isa = PBXGroup;
			children = (
				6F0A9E2221AE64560069C587 /* TextLayoutManager */,
				6F49AB4721A57B47007EA231 /* Extension */,
				6F49AB4421A57882007EA231 /* JLHUD */,
				6F49AB3D21A56BA3007EA231 /* Models */,
				6F49AB3521A56B94007EA231 /* GPUImageExtension */,
				6F49AB2D21A56B93007EA231 /* GPUImageFilter */,
			);
			path = outputTool;
			sourceTree = "<group>";
		};
		6F49AB2D21A56B93007EA231 /* GPUImageFilter */ = {
			isa = PBXGroup;
			children = (
				6F49AB2E21A56B93007EA231 /* TLGPUImageMovieFillFiter.h */,
				6F49AB2F21A56B93007EA231 /* GPUImageBeautifyFilter.m */,
				6F49AB3021A56B93007EA231 /* TLGPUImageAlphaBlendFilter.m */,
				6F49AB3121A56B93007EA231 /* GPUImageCustomLookupFilter.swift */,
				6F49AB3221A56B93007EA231 /* TLGPUImageMovieFillFiter.m */,
				6F49AB3321A56B93007EA231 /* TLGPUImageAlphaBlendFilter.h */,
				6F49AB3421A56B93007EA231 /* GPUImageBeautifyFilter.h */,
			);
			path = GPUImageFilter;
			sourceTree = "<group>";
		};
		6F49AB3521A56B94007EA231 /* GPUImageExtension */ = {
			isa = PBXGroup;
			children = (
			);
			path = GPUImageExtension;
			sourceTree = "<group>";
		};
		6F49AB3D21A56BA3007EA231 /* Models */ = {
			isa = PBXGroup;
			children = (
				6F49AB3E21A56BA3007EA231 /* MKExportStoryConfiguration.swift */,
				6F49AB3F21A56BA3007EA231 /* MKStoryOutput.swift */,
			);
			path = Models;
			sourceTree = "<group>";
		};
		6F49AB4421A57882007EA231 /* JLHUD */ = {
			isa = PBXGroup;
			children = (
				6F49AB4521A57882007EA231 /* MKProgressHUD.swift */,
			);
			path = JLHUD;
			sourceTree = "<group>";
		};
		6F49AB4721A57B47007EA231 /* Extension */ = {
			isa = PBXGroup;
			children = (
				6F49AB4921A57B47007EA231 /* UIImage+ExportStory.swift */,
			);
			path = Extension;
			sourceTree = "<group>";
		};
		6F7B0DFF219BBCFE00CA2BD2 /* Model */ = {
			isa = PBXGroup;
			children = (
				6F7B0E00219BBD1700CA2BD2 /* FilterModel.swift */,
			);
			path = Model;
			sourceTree = "<group>";
		};
		6F8A270822C0A5C5002B8E2D /* Manager */ = {
			isa = PBXGroup;
			children = (
				6F8A270922C0A5D7002B8E2D /* ShareManager.swift */,
			);
			path = Manager;
			sourceTree = "<group>";
		};
		6FA4FA1122B25CD3000BB650 /* VideoEdit */ = {
			isa = PBXGroup;
			children = (
				6FA4FA1222B25CD3000BB650 /* VideoEditCommond.swift */,
				6FA4FA1322B25CD3000BB650 /* VideoCompositionCommand.swift */,
				6FA4FA1522B25CD3000BB650 /* VideoWatermarkCommond.swift */,
				6FA4FA1622B25CD3000BB650 /* VideoExportCommond.swift */,
				6F48B47622D58FB000CCDA50 /* WatermarkEngine.swift */,
			);
			path = VideoEdit;
			sourceTree = "<group>";
		};
		6FC68C40219955170073F3D2 /* VideoManager */ = {
			isa = PBXGroup;
			children = (
				6FC68C4F2199751F0073F3D2 /* TextEditMaskManager.swift */,
				6F7B0DFD219AE86200CA2BD2 /* FilterProtocol.swift */,
				6F49AAE4219E7ADA007EA231 /* MKDefine.swift */,
				6F49AAEE219EEF76007EA231 /* MKVideoManager.swift */,
				6F33C33A21CB378100FAE42B /* MKRefresh.swift */,
				6FA4FA1122B25CD3000BB650 /* VideoEdit */,
			);
			path = VideoManager;
			sourceTree = "<group>";
		};
		6FC68C412199552B0073F3D2 /* SubModules */ = {
			isa = PBXGroup;
			children = (
				6FC68C472199618E0073F3D2 /* MKTextEdit.swift */,
				6FC68C5121997E010073F3D2 /* MKVideoEditViewController.swift */,
				6F7B0DFB219ACC1100CA2BD2 /* GestureViewController.swift */,
				6F001C56219C52620099602A /* MKVideoCoverViewController.swift */,
				6F49AAF721A2E823007EA231 /* MKChooseTreeViewController.swift */,
				6F33C33621CA655900FAE42B /* MKRefreshControlViewController.swift */,
				6FDD79F521F2011200F83604 /* MKStickerViewController.swift */,
				6FFF54FB2202EFB300FA8156 /* MKAdjustFontViewController.swift */,
				6F3BCFB9225F2111003BB3F5 /* MKScrollTableViewController.swift */,
				6F3BCFBD225F4049003BB3F5 /* MKScrollTextViewController.swift */,
				6F3BCFC1225F5019003BB3F5 /* MKScrollTextTimerViewController.swift */,
				6F437D452271BA620090FB17 /* MKDeleteCellTableViewController.swift */,
				6FBBB5B5228A8F8900213FDF /* MKVideoCompostionViewController.swift */,
				6F48B46E22D3311600CCDA50 /* GiphyUIViewController.swift */,
				6F48B47022D5836400CCDA50 /* TenorViewController.swift */,
				6F23627A22D87C2900AE7B77 /* PopTipViewController.swift */,
				6F3BCFBB225F212C003BB3F5 /* MKStory.storyboard */,
			);
			path = SubModules;
			sourceTree = "<group>";
		};
		6FC68C42219957AF0073F3D2 /* MP4 */ = {
			isa = PBXGroup;
			children = (
				6FF1C98E228D5A39007E8583 /* 444.mp4 */,
				6FC68C43219957C80073F3D2 /* 220.mp4 */,
				6FF1C9A2228E51F5007E8583 /* pre.mp4 */,
				6FF1C9A4228E52AB007E8583 /* main.mp4 */,
				6FA4FA2222B34492000BB650 /* ariana.mp4 */,
				6F48B47322D58D9E00CCDA50 /* tenor.gif */,
				6F48B47222D58D9E00CCDA50 /* tenor(1).gif */,
			);
			path = MP4;
			sourceTree = "<group>";
		};
		6FC68C4921996F1D0073F3D2 /* extension */ = {
			isa = PBXGroup;
			children = (
				6FC68C4A21996F480073F3D2 /* MKViewToImageViewController.swift */,
				6F7B0DF9219AB46700CA2BD2 /* AttributeStringExtention.swift */,
				6F001C58219D566C0099602A /* ColorToImage.swift */,
				6FA4FA1C22B27864000BB650 /* Date+Extension.swift */,
				6F49AAEA219EA83C007EA231 /* ViewExtention.swift */,
				6FA4FA2022B33CCF000BB650 /* TimeLog.swift */,
			);
			path = extension;
			sourceTree = "<group>";
		};
		6FC68C4C219971990073F3D2 /* View */ = {
			isa = PBXGroup;
			children = (
				6F7B0E02219BD5D500CA2BD2 /* FilterView.swift */,
				6F7B0E04219BD68400CA2BD2 /* FilterImageView.swift */,
				6FC68C4D219971AD0073F3D2 /* TextColorInputView.swift */,
				6FC68C53219985FB0073F3D2 /* EditTextView.swift */,
				6F7B0DF7219A730800CA2BD2 /* ColorsCollectionCell.swift */,
				6F001C54219BFA8B0099602A /* MKFilterMaskView.swift */,
				6F001C5A219D9D710099602A /* MKVideoCoverSlider.swift */,
				6F49AAE6219EA4E5007EA231 /* MKCaptionLabel.swift */,
				6F49AAEC219EBBAD007EA231 /* MKCoverCollectionCell.swift */,
				6F33C33821CA679D00FAE42B /* MKRefreshCollectionViewCell.swift */,
				6F33C34221CB50D500FAE42B /* MKRefreshHeaderView.h */,
				6F33C34321CB50D500FAE42B /* MKRefreshHeaderView.m */,
				6F33C34521CB5AE900FAE42B /* MKRefreshFooterView.h */,
				6F33C34621CB5AE900FAE42B /* MKRefreshFooterView.m */,
				6F33C34021CB42CC00FAE42B /* UIScrollView+MKRefreshScrollView.swift */,
				6FDD79F321F1FA0500F83604 /* MKQuestionStickerView.swift */,
				6FDD79F721F2057400F83604 /* MKPlaceholderTextView.swift */,
				6FDD79F921F2F5EF00F83604 /* MKMomentEditMaskView.swift */,
				6F3BCFBF225F4AA6003BB3F5 /* MKTextScrollView.swift */,
				6F3BCFCA225F5C66003BB3F5 /* DemoTableView.swift */,
			);
			path = View;
			sourceTree = "<group>";
		};
		6FDE324E21991B74008CB0E9 = {
			isa = PBXGroup;
			children = (
				6FDE325921991B74008CB0E9 /* MKVideoManager */,
				6FDE325821991B74008CB0E9 /* Products */,
				A6BA41E69A758B31157B9300 /* Pods */,
				BFDC108E4F8C9537CF7F5F01 /* Frameworks */,
			);
			sourceTree = "<group>";
		};
		6FDE325821991B74008CB0E9 /* Products */ = {
			isa = PBXGroup;
			children = (
				6FDE325721991B74008CB0E9 /* MKVideoManager.app */,
			);
			name = Products;
			sourceTree = "<group>";
		};
		6FDE325921991B74008CB0E9 /* MKVideoManager */ = {
			isa = PBXGroup;
			children = (
				6F33C31C21CA655000FAE42B /* Source */,
				6F49AB2C21A56B6E007EA231 /* outputTool */,
				6F7B0DFF219BBCFE00CA2BD2 /* Model */,
				6FC68C4C219971990073F3D2 /* View */,
				6FC68C4921996F1D0073F3D2 /* extension */,
				6FC68C42219957AF0073F3D2 /* MP4 */,
				6FC68C412199552B0073F3D2 /* SubModules */,
				6FC68C40219955170073F3D2 /* VideoManager */,
				6F8A270822C0A5C5002B8E2D /* Manager */,
				6FDE325C21991B75008CB0E9 /* ViewController.swift */,
				6FDE325A21991B74008CB0E9 /* AppDelegate.swift */,
				6F49AB5221A57EA8007EA231 /* Bridge.h */,
				6FDE326121991B77008CB0E9 /* Assets.xcassets */,
				6FDE326321991B77008CB0E9 /* LaunchScreen.storyboard */,
				6FDE326621991B77008CB0E9 /* Info.plist */,
			);
			path = MKVideoManager;
			sourceTree = "<group>";
		};
		A6BA41E69A758B31157B9300 /* Pods */ = {
			isa = PBXGroup;
			children = (
				3D5D2A6A126EDD7D5CB996FF /* Pods-MKVideoManager.debug.xcconfig */,
				D24FF6C93D82A2FDBC45E9CF /* Pods-MKVideoManager.release.xcconfig */,
			);
			name = Pods;
			sourceTree = "<group>";
		};
		BFDC108E4F8C9537CF7F5F01 /* Frameworks */ = {
			isa = PBXGroup;
			children = (
				5AD58404F34ABF658D8C5971 /* Pods_MKVideoManager.framework */,
			);
			name = Frameworks;
			sourceTree = "<group>";
		};
/* End PBXGroup section */

/* Begin PBXNativeTarget section */
		6FDE325621991B74008CB0E9 /* MKVideoManager */ = {
			isa = PBXNativeTarget;
			buildConfigurationList = 6FDE326921991B77008CB0E9 /* Build configuration list for PBXNativeTarget "MKVideoManager" */;
			buildPhases = (
				69D0BEDCEB33F319725AEB0E /* [CP] Check Pods Manifest.lock */,
				6FDE325321991B74008CB0E9 /* Sources */,
				6FDE325421991B74008CB0E9 /* Frameworks */,
				6FDE325521991B74008CB0E9 /* Resources */,
				EC348CC2B184BA8029FFF7EB /* [CP] Embed Pods Frameworks */,
				6FA7BA0722BA3E1B007309F4 /* ShellScript */,
				00415F61EAA40D9866C58173 /* [CP] Copy Pods Resources */,
			);
			buildRules = (
			);
			dependencies = (
			);
			name = MKVideoManager;
			productName = MKVideoManager;
			productReference = 6FDE325721991B74008CB0E9 /* MKVideoManager.app */;
			productType = "com.apple.product-type.application";
		};
/* End PBXNativeTarget section */

/* Begin PBXProject section */
		6FDE324F21991B74008CB0E9 /* Project object */ = {
			isa = PBXProject;
			attributes = {
				LastSwiftUpdateCheck = 1010;
				LastUpgradeCheck = 1010;
				ORGANIZATIONNAME = xiaoxiang;
				TargetAttributes = {
					6FDE325621991B74008CB0E9 = {
						CreatedOnToolsVersion = 10.1;
						LastSwiftMigration = 1020;
					};
				};
			};
			buildConfigurationList = 6FDE325221991B74008CB0E9 /* Build configuration list for PBXProject "MKVideoManager" */;
			compatibilityVersion = "Xcode 9.3";
			developmentRegion = en;
			hasScannedForEncodings = 0;
			knownRegions = (
				en,
				Base,
			);
			mainGroup = 6FDE324E21991B74008CB0E9;
			productRefGroup = 6FDE325821991B74008CB0E9 /* Products */;
			projectDirPath = "";
			projectRoot = "";
			targets = (
				6FDE325621991B74008CB0E9 /* MKVideoManager */,
			);
		};
/* End PBXProject section */

/* Begin PBXResourcesBuildPhase section */
		6FDE325521991B74008CB0E9 /* Resources */ = {
			isa = PBXResourcesBuildPhase;
			buildActionMask = 2147483647;
			files = (
				6FF1C98F228D5A39007E8583 /* 444.mp4 in Resources */,
				6F48B47422D58D9E00CCDA50 /* tenor(1).gif in Resources */,
				6FA4FA2322B34492000BB650 /* ariana.mp4 in Resources */,
				6FDE326521991B77008CB0E9 /* LaunchScreen.storyboard in Resources */,
				6FDE326221991B77008CB0E9 /* Assets.xcassets in Resources */,
				6F3BCFBC225F212C003BB3F5 /* MKStory.storyboard in Resources */,
				6FF1C9A3228E51F5007E8583 /* pre.mp4 in Resources */,
				6F48B47522D58D9E00CCDA50 /* tenor.gif in Resources */,
				6FC68C44219957C80073F3D2 /* 220.mp4 in Resources */,
				6FF1C9A5228E52AB007E8583 /* main.mp4 in Resources */,
			);
			runOnlyForDeploymentPostprocessing = 0;
		};
/* End PBXResourcesBuildPhase section */

/* Begin PBXShellScriptBuildPhase section */
		00415F61EAA40D9866C58173 /* [CP] Copy Pods Resources */ = {
			isa = PBXShellScriptBuildPhase;
			buildActionMask = 2147483647;
			files = (
			);
			inputFileListPaths = (
				"${PODS_ROOT}/Target Support Files/Pods-MKVideoManager/Pods-MKVideoManager-resources-${CONFIGURATION}-input-files.xcfilelist",
			);
			name = "[CP] Copy Pods Resources";
			outputFileListPaths = (
				"${PODS_ROOT}/Target Support Files/Pods-MKVideoManager/Pods-MKVideoManager-resources-${CONFIGURATION}-output-files.xcfilelist",
			);
			runOnlyForDeploymentPostprocessing = 0;
			shellPath = /bin/sh;
			shellScript = "\"${PODS_ROOT}/Target Support Files/Pods-MKVideoManager/Pods-MKVideoManager-resources.sh\"\n";
			showEnvVarsInLog = 0;
		};
		69D0BEDCEB33F319725AEB0E /* [CP] Check Pods Manifest.lock */ = {
			isa = PBXShellScriptBuildPhase;
			buildActionMask = 2147483647;
			files = (
			);
			inputFileListPaths = (
			);
			inputPaths = (
				"${PODS_PODFILE_DIR_PATH}/Podfile.lock",
				"${PODS_ROOT}/Manifest.lock",
			);
			name = "[CP] Check Pods Manifest.lock";
			outputFileListPaths = (
			);
			outputPaths = (
				"$(DERIVED_FILE_DIR)/Pods-MKVideoManager-checkManifestLockResult.txt",
			);
			runOnlyForDeploymentPostprocessing = 0;
			shellPath = /bin/sh;
			shellScript = "diff \"${PODS_PODFILE_DIR_PATH}/Podfile.lock\" \"${PODS_ROOT}/Manifest.lock\" > /dev/null\nif [ $? != 0 ] ; then\n    # print error to STDERR\n    echo \"error: The sandbox is not in sync with the Podfile.lock. Run 'pod install' or update your CocoaPods installation.\" >&2\n    exit 1\nfi\n# This output is used by Xcode 'outputs' to avoid re-running this script phase.\necho \"SUCCESS\" > \"${SCRIPT_OUTPUT_FILE_0}\"\n";
			showEnvVarsInLog = 0;
		};
		6FA7BA0722BA3E1B007309F4 /* ShellScript */ = {
			isa = PBXShellScriptBuildPhase;
			buildActionMask = 2147483647;
			files = (
			);
			inputFileListPaths = (
			);
			inputPaths = (
			);
			outputFileListPaths = (
			);
			outputPaths = (
			);
			runOnlyForDeploymentPostprocessing = 0;
			shellPath = /bin/sh;
			shellScript = "if which swiftlint >/dev/null; then\nswiftlint\nelse\necho \"warning: SwiftLint not installed, download from https://github.com/realm/SwiftLint\"\nfi\n";
		};
		EC348CC2B184BA8029FFF7EB /* [CP] Embed Pods Frameworks */ = {
			isa = PBXShellScriptBuildPhase;
			buildActionMask = 2147483647;
			files = (
			);
			inputFileListPaths = (
				"${PODS_ROOT}/Target Support Files/Pods-MKVideoManager/Pods-MKVideoManager-frameworks-${CONFIGURATION}-input-files.xcfilelist",
			);
			name = "[CP] Embed Pods Frameworks";
			outputFileListPaths = (
				"${PODS_ROOT}/Target Support Files/Pods-MKVideoManager/Pods-MKVideoManager-frameworks-${CONFIGURATION}-output-files.xcfilelist",
			);
			runOnlyForDeploymentPostprocessing = 0;
			shellPath = /bin/sh;
			shellScript = "\"${PODS_ROOT}/Target Support Files/Pods-MKVideoManager/Pods-MKVideoManager-frameworks.sh\"\n";
			showEnvVarsInLog = 0;
		};
/* End PBXShellScriptBuildPhase section */

/* Begin PBXSourcesBuildPhase section */
		6FDE325321991B74008CB0E9 /* Sources */ = {
			isa = PBXSourcesBuildPhase;
			buildActionMask = 2147483647;
			files = (
				6FBBB5B6228A8F8900213FDF /* MKVideoCompostionViewController.swift in Sources */,
				6F49AB4121A56BA3007EA231 /* MKExportStoryConfiguration.swift in Sources */,
				6F33C33021CA655000FAE42B /* XRBaseRefreshHeader.swift in Sources */,
				6F7B0E03219BD5D500CA2BD2 /* FilterView.swift in Sources */,
				6F33C34421CB50D500FAE42B /* MKRefreshHeaderView.m in Sources */,
				6F49AAEF219EEF76007EA231 /* MKVideoManager.swift in Sources */,
				6F7B0E01219BBD1700CA2BD2 /* FilterModel.swift in Sources */,
				6F8A270A22C0A5D7002B8E2D /* ShareManager.swift in Sources */,
				6F49AAE7219EA4E5007EA231 /* MKCaptionLabel.swift in Sources */,
				6F33C32E21CA655000FAE42B /* XRActivityRefreshFooter.swift in Sources */,
				6F49AB3821A56B94007EA231 /* GPUImageBeautifyFilter.m in Sources */,
				6FA4FA1822B25CD3000BB650 /* VideoCompositionCommand.swift in Sources */,
				6F33C34721CB5AE900FAE42B /* MKRefreshFooterView.m in Sources */,
				6F49AB3B21A56B94007EA231 /* TLGPUImageMovieFillFiter.m in Sources */,
				6F48B47122D5836400CCDA50 /* TenorViewController.swift in Sources */,
				6F7B0DFA219AB46700CA2BD2 /* AttributeStringExtention.swift in Sources */,
				6F33C33521CA655000FAE42B /* UIView+XRExtension.swift in Sources */,
				6F7B0DFC219ACC1100CA2BD2 /* GestureViewController.swift in Sources */,
				6F49AAF821A2E823007EA231 /* MKChooseTreeViewController.swift in Sources */,
				6FA4FA2122B33CCF000BB650 /* TimeLog.swift in Sources */,
				6F0A9E2521AE64560069C587 /* TLStoryTextLayoutManager.m in Sources */,
				6FDD79F621F2011200F83604 /* MKStickerViewController.swift in Sources */,
				6F49AAE5219E7ADA007EA231 /* MKDefine.swift in Sources */,
				6F49AB3A21A56B94007EA231 /* GPUImageCustomLookupFilter.swift in Sources */,
				6F3BCFC0225F4AA6003BB3F5 /* MKTextScrollView.swift in Sources */,
				6F3BCFCB225F5C66003BB3F5 /* DemoTableView.swift in Sources */,
				6F33C33421CA655000FAE42B /* DispatchQueue+XRRefresh.swift in Sources */,
				6F33C32B21CA655000FAE42B /* XRRefreshMarcos.swift in Sources */,
				6FDD79F421F1FA0500F83604 /* MKQuestionStickerView.swift in Sources */,
				6F3BCFC9225F5C2A003BB3F5 /* PRTween.m in Sources */,
				6F49AB4D21A57B48007EA231 /* UIImage+ExportStory.swift in Sources */,
				6FA4FA1A22B25CD3000BB650 /* VideoWatermarkCommond.swift in Sources */,
				6FDD79FA21F2F5EF00F83604 /* MKMomentEditMaskView.swift in Sources */,
				6FC68C482199618E0073F3D2 /* MKTextEdit.swift in Sources */,
				6F49AAEB219EA83C007EA231 /* ViewExtention.swift in Sources */,
				6F7B0DFE219AE86200CA2BD2 /* FilterProtocol.swift in Sources */,
				6F33C33721CA655900FAE42B /* MKRefreshControlViewController.swift in Sources */,
				6F001C55219BFA8B0099602A /* MKFilterMaskView.swift in Sources */,
				6FC68C502199751F0073F3D2 /* TextEditMaskManager.swift in Sources */,
				6F49AB4621A57882007EA231 /* MKProgressHUD.swift in Sources */,
				6F3BCFBE225F4049003BB3F5 /* MKScrollTextViewController.swift in Sources */,
				6FC68C4B21996F480073F3D2 /* MKViewToImageViewController.swift in Sources */,
				6F33C33921CA679D00FAE42B /* MKRefreshCollectionViewCell.swift in Sources */,
				6FC68C54219985FB0073F3D2 /* EditTextView.swift in Sources */,
				6FDE325D21991B75008CB0E9 /* ViewController.swift in Sources */,
				6FC68C5221997E010073F3D2 /* MKVideoEditViewController.swift in Sources */,
				6F33C32C21CA655000FAE42B /* XRRefreshControlSettings.swift in Sources */,
				6FFF54FC2202EFB300FA8156 /* MKAdjustFontViewController.swift in Sources */,
				6F49AB3921A56B94007EA231 /* TLGPUImageAlphaBlendFilter.m in Sources */,
				6F3BCFC2225F5019003BB3F5 /* MKScrollTextTimerViewController.swift in Sources */,
				6F3BCFBA225F2111003BB3F5 /* MKScrollTableViewController.swift in Sources */,
				6F001C5B219D9D710099602A /* MKVideoCoverSlider.swift in Sources */,
				6F23627B22D87C2900AE7B77 /* PopTipViewController.swift in Sources */,
				6FA4FA1D22B27864000BB650 /* Date+Extension.swift in Sources */,
				6F7B0E05219BD68400CA2BD2 /* FilterImageView.swift in Sources */,
				6F49AB4221A56BA3007EA231 /* MKStoryOutput.swift in Sources */,
				6F33C33221CA655000FAE42B /* UIScrollView+XRRefresh.swift in Sources */,
				6F49AAED219EBBAD007EA231 /* MKCoverCollectionCell.swift in Sources */,
				6F33C32D21CA655000FAE42B /* XRActivityRefreshHeader.swift in Sources */,
				6F33C33321CA655000FAE42B /* UIScrollView+XRExtension.swift in Sources */,
				6F7B0DF8219A730800CA2BD2 /* ColorsCollectionCell.swift in Sources */,
				6F48B47722D58FB000CCDA50 /* WatermarkEngine.swift in Sources */,
				6F001C57219C52620099602A /* MKVideoCoverViewController.swift in Sources */,
				6FC68C4E219971AD0073F3D2 /* TextColorInputView.swift in Sources */,
				6F33C32F21CA655000FAE42B /* XRProvider.swift in Sources */,
				6F33C33121CA655000FAE42B /* XRBaseRefreshFooter.swift in Sources */,
				6FA4FA1722B25CD3000BB650 /* VideoEditCommond.swift in Sources */,
				6F001C59219D566C0099602A /* ColorToImage.swift in Sources */,
				6F33C34121CB42CC00FAE42B /* UIScrollView+MKRefreshScrollView.swift in Sources */,
				6F437D462271BA620090FB17 /* MKDeleteCellTableViewController.swift in Sources */,
				6FA4FA1B22B25CD3000BB650 /* VideoExportCommond.swift in Sources */,
				6F33C33B21CB378100FAE42B /* MKRefresh.swift in Sources */,
				6FDD79F821F2057400F83604 /* MKPlaceholderTextView.swift in Sources */,
				6F48B46F22D3311700CCDA50 /* GiphyUIViewController.swift in Sources */,
				6F3BCFC8225F5C2A003BB3F5 /* PRTweenTimingFunctions.m in Sources */,
				6FDE325B21991B74008CB0E9 /* AppDelegate.swift in Sources */,
				6F0A9E2821AE649A0069C587 /* MKStoryTextLayoutManager.m in Sources */,
			);
			runOnlyForDeploymentPostprocessing = 0;
		};
/* End PBXSourcesBuildPhase section */

/* Begin PBXVariantGroup section */
		6FDE326321991B77008CB0E9 /* LaunchScreen.storyboard */ = {
			isa = PBXVariantGroup;
			children = (
				6FDE326421991B77008CB0E9 /* Base */,
			);
			name = LaunchScreen.storyboard;
			sourceTree = "<group>";
		};
/* End PBXVariantGroup section */

/* Begin XCBuildConfiguration section */
		6FDE326721991B77008CB0E9 /* Debug */ = {
			isa = XCBuildConfiguration;
			buildSettings = {
				ALWAYS_SEARCH_USER_PATHS = NO;
				CLANG_ANALYZER_NONNULL = YES;
				CLANG_ANALYZER_NUMBER_OBJECT_CONVERSION = YES_AGGRESSIVE;
				CLANG_CXX_LANGUAGE_STANDARD = "gnu++14";
				CLANG_CXX_LIBRARY = "libc++";
				CLANG_ENABLE_MODULES = YES;
				CLANG_ENABLE_OBJC_ARC = YES;
				CLANG_ENABLE_OBJC_WEAK = YES;
				CLANG_WARN_BLOCK_CAPTURE_AUTORELEASING = YES;
				CLANG_WARN_BOOL_CONVERSION = YES;
				CLANG_WARN_COMMA = YES;
				CLANG_WARN_CONSTANT_CONVERSION = YES;
				CLANG_WARN_DEPRECATED_OBJC_IMPLEMENTATIONS = YES;
				CLANG_WARN_DIRECT_OBJC_ISA_USAGE = YES_ERROR;
				CLANG_WARN_DOCUMENTATION_COMMENTS = YES;
				CLANG_WARN_EMPTY_BODY = YES;
				CLANG_WARN_ENUM_CONVERSION = YES;
				CLANG_WARN_INFINITE_RECURSION = YES;
				CLANG_WARN_INT_CONVERSION = YES;
				CLANG_WARN_NON_LITERAL_NULL_CONVERSION = YES;
				CLANG_WARN_OBJC_IMPLICIT_RETAIN_SELF = YES;
				CLANG_WARN_OBJC_LITERAL_CONVERSION = YES;
				CLANG_WARN_OBJC_ROOT_CLASS = YES_ERROR;
				CLANG_WARN_RANGE_LOOP_ANALYSIS = YES;
				CLANG_WARN_STRICT_PROTOTYPES = YES;
				CLANG_WARN_SUSPICIOUS_MOVE = YES;
				CLANG_WARN_UNGUARDED_AVAILABILITY = YES_AGGRESSIVE;
				CLANG_WARN_UNREACHABLE_CODE = YES;
				CLANG_WARN__DUPLICATE_METHOD_MATCH = YES;
				CODE_SIGN_IDENTITY = "iPhone Developer";
				COPY_PHASE_STRIP = NO;
				DEBUG_INFORMATION_FORMAT = dwarf;
				ENABLE_STRICT_OBJC_MSGSEND = YES;
				ENABLE_TESTABILITY = YES;
				GCC_C_LANGUAGE_STANDARD = gnu11;
				GCC_DYNAMIC_NO_PIC = NO;
				GCC_NO_COMMON_BLOCKS = YES;
				GCC_OPTIMIZATION_LEVEL = 0;
				GCC_PREPROCESSOR_DEFINITIONS = (
					"DEBUG=1",
					"$(inherited)",
				);
				GCC_WARN_64_TO_32_BIT_CONVERSION = YES;
				GCC_WARN_ABOUT_RETURN_TYPE = YES_ERROR;
				GCC_WARN_UNDECLARED_SELECTOR = YES;
				GCC_WARN_UNINITIALIZED_AUTOS = YES_AGGRESSIVE;
				GCC_WARN_UNUSED_FUNCTION = YES;
				GCC_WARN_UNUSED_VARIABLE = YES;
				IPHONEOS_DEPLOYMENT_TARGET = 12.1;
				MTL_ENABLE_DEBUG_INFO = INCLUDE_SOURCE;
				MTL_FAST_MATH = YES;
				ONLY_ACTIVE_ARCH = YES;
				SDKROOT = iphoneos;
				SWIFT_ACTIVE_COMPILATION_CONDITIONS = DEBUG;
				SWIFT_OPTIMIZATION_LEVEL = "-Onone";
			};
			name = Debug;
		};
		6FDE326821991B77008CB0E9 /* Release */ = {
			isa = XCBuildConfiguration;
			buildSettings = {
				ALWAYS_SEARCH_USER_PATHS = NO;
				CLANG_ANALYZER_NONNULL = YES;
				CLANG_ANALYZER_NUMBER_OBJECT_CONVERSION = YES_AGGRESSIVE;
				CLANG_CXX_LANGUAGE_STANDARD = "gnu++14";
				CLANG_CXX_LIBRARY = "libc++";
				CLANG_ENABLE_MODULES = YES;
				CLANG_ENABLE_OBJC_ARC = YES;
				CLANG_ENABLE_OBJC_WEAK = YES;
				CLANG_WARN_BLOCK_CAPTURE_AUTORELEASING = YES;
				CLANG_WARN_BOOL_CONVERSION = YES;
				CLANG_WARN_COMMA = YES;
				CLANG_WARN_CONSTANT_CONVERSION = YES;
				CLANG_WARN_DEPRECATED_OBJC_IMPLEMENTATIONS = YES;
				CLANG_WARN_DIRECT_OBJC_ISA_USAGE = YES_ERROR;
				CLANG_WARN_DOCUMENTATION_COMMENTS = YES;
				CLANG_WARN_EMPTY_BODY = YES;
				CLANG_WARN_ENUM_CONVERSION = YES;
				CLANG_WARN_INFINITE_RECURSION = YES;
				CLANG_WARN_INT_CONVERSION = YES;
				CLANG_WARN_NON_LITERAL_NULL_CONVERSION = YES;
				CLANG_WARN_OBJC_IMPLICIT_RETAIN_SELF = YES;
				CLANG_WARN_OBJC_LITERAL_CONVERSION = YES;
				CLANG_WARN_OBJC_ROOT_CLASS = YES_ERROR;
				CLANG_WARN_RANGE_LOOP_ANALYSIS = YES;
				CLANG_WARN_STRICT_PROTOTYPES = YES;
				CLANG_WARN_SUSPICIOUS_MOVE = YES;
				CLANG_WARN_UNGUARDED_AVAILABILITY = YES_AGGRESSIVE;
				CLANG_WARN_UNREACHABLE_CODE = YES;
				CLANG_WARN__DUPLICATE_METHOD_MATCH = YES;
				CODE_SIGN_IDENTITY = "iPhone Developer";
				COPY_PHASE_STRIP = NO;
				DEBUG_INFORMATION_FORMAT = "dwarf-with-dsym";
				ENABLE_NS_ASSERTIONS = NO;
				ENABLE_STRICT_OBJC_MSGSEND = YES;
				GCC_C_LANGUAGE_STANDARD = gnu11;
				GCC_NO_COMMON_BLOCKS = YES;
				GCC_WARN_64_TO_32_BIT_CONVERSION = YES;
				GCC_WARN_ABOUT_RETURN_TYPE = YES_ERROR;
				GCC_WARN_UNDECLARED_SELECTOR = YES;
				GCC_WARN_UNINITIALIZED_AUTOS = YES_AGGRESSIVE;
				GCC_WARN_UNUSED_FUNCTION = YES;
				GCC_WARN_UNUSED_VARIABLE = YES;
				IPHONEOS_DEPLOYMENT_TARGET = 12.1;
				MTL_ENABLE_DEBUG_INFO = NO;
				MTL_FAST_MATH = YES;
				SDKROOT = iphoneos;
				SWIFT_COMPILATION_MODE = wholemodule;
				SWIFT_OPTIMIZATION_LEVEL = "-O";
				VALIDATE_PRODUCT = YES;
			};
			name = Release;
		};
		6FDE326A21991B77008CB0E9 /* Debug */ = {
			isa = XCBuildConfiguration;
			baseConfigurationReference = 3D5D2A6A126EDD7D5CB996FF /* Pods-MKVideoManager.debug.xcconfig */;
			buildSettings = {
				ASSETCATALOG_COMPILER_APPICON_NAME = AppIcon;
				CODE_SIGN_STYLE = Automatic;
				DEFINES_MODULE = NO;
				DEVELOPMENT_TEAM = Q3VZHMHCPE;
				ENABLE_BITCODE = NO;
				INFOPLIST_FILE = MKVideoManager/Info.plist;
				IPHONEOS_DEPLOYMENT_TARGET = 10.0;
				LD_RUNPATH_SEARCH_PATHS = (
					"$(inherited)",
					"@executable_path/Frameworks",
				);
				PRODUCT_BUNDLE_IDENTIFIER = com.xiaoxiang.demo.MKVideoManager;
				PRODUCT_NAME = "$(TARGET_NAME)";
				SWIFT_OBJC_BRIDGING_HEADER = "${SRCROOT}/MKVideoManager/Bridge.h";
				SWIFT_VERSION = 5.0;
				TARGETED_DEVICE_FAMILY = 1;
			};
			name = Debug;
		};
		6FDE326B21991B77008CB0E9 /* Release */ = {
			isa = XCBuildConfiguration;
			baseConfigurationReference = D24FF6C93D82A2FDBC45E9CF /* Pods-MKVideoManager.release.xcconfig */;
			buildSettings = {
				ASSETCATALOG_COMPILER_APPICON_NAME = AppIcon;
				CODE_SIGN_STYLE = Automatic;
				DEFINES_MODULE = NO;
				DEVELOPMENT_TEAM = Q3VZHMHCPE;
				ENABLE_BITCODE = NO;
				INFOPLIST_FILE = MKVideoManager/Info.plist;
				IPHONEOS_DEPLOYMENT_TARGET = 10.0;
				LD_RUNPATH_SEARCH_PATHS = (
					"$(inherited)",
					"@executable_path/Frameworks",
				);
				PRODUCT_BUNDLE_IDENTIFIER = com.xiaoxiang.demo.MKVideoManager;
				PRODUCT_NAME = "$(TARGET_NAME)";
				SWIFT_OBJC_BRIDGING_HEADER = "${SRCROOT}/MKVideoManager/Bridge.h";
				SWIFT_VERSION = 5.0;
				TARGETED_DEVICE_FAMILY = 1;
			};
			name = Release;
		};
/* End XCBuildConfiguration section */

/* Begin XCConfigurationList section */
		6FDE325221991B74008CB0E9 /* Build configuration list for PBXProject "MKVideoManager" */ = {
			isa = XCConfigurationList;
			buildConfigurations = (
				6FDE326721991B77008CB0E9 /* Debug */,
				6FDE326821991B77008CB0E9 /* Release */,
			);
			defaultConfigurationIsVisible = 0;
			defaultConfigurationName = Release;
		};
		6FDE326921991B77008CB0E9 /* Build configuration list for PBXNativeTarget "MKVideoManager" */ = {
			isa = XCConfigurationList;
			buildConfigurations = (
				6FDE326A21991B77008CB0E9 /* Debug */,
				6FDE326B21991B77008CB0E9 /* Release */,
			);
			defaultConfigurationIsVisible = 0;
			defaultConfigurationName = Release;
		};
/* End XCConfigurationList section */
	};
	rootObject = 6FDE324F21991B74008CB0E9 /* Project object */;
}
